
Microsoft Visual Studio Solution File, Format Version 12.00
# Visual Studio Version 16
VisualStudioVersion = 16.0.29509.3
MinimumVisualStudioVersion = 10.0.40219.1
Project("{FAE04EC0-301F-11D3-BF4B-00C04F79EFBC}") = "HawaiiWeatherApp", "HawaiiWeatherApp\HawaiiWeatherApp.csproj", "{E30E1B7C-1D1C-4FE8-964D-FDA382AB7867}"
EndProject
Project("{FAE04EC0-301F-11D3-BF4B-00C04F79EFBC}") = "HawaiiWeatherApp_locationUnitTest", "HawaiiWeatherApp_locationUnitTest\HawaiiWeatherApp_locationUnitTest.csproj", "{853D95C8-A7A5-4305-881D-3FBADCFF233B}"
EndProject
Global
	GlobalSection(SolutionConfigurationPlatforms) = preSolution
		Debug|Any CPU = Debug|Any CPU
		Release|Any CPU = Release|Any CPU
	EndGlobalSection
	GlobalSection(ProjectConfigurationPlatforms) = postSolution
		{E30E1B7C-1D1C-4FE8-964D-FDA382AB7867}.Debug|Any CPU.ActiveCfg = Debug|Any CPU
		{E30E1B7C-1D1C-4FE8-964D-FDA382AB7867}.Debug|Any CPU.Build.0 = Debug|Any CPU
		{E30E1B7C-1D1C-4FE8-964D-FDA382AB7867}.Release|Any CPU.ActiveCfg = Release|Any CPU
		{E30E1B7C-1D1C-4FE8-964D-FDA382AB7867}.Release|Any CPU.Build.0 = Release|Any CPU
		{853D95C8-A7A5-4305-881D-3FBADCFF233B}.Debug|Any CPU.ActiveCfg = Debug|Any CPU
		{853D95C8-A7A5-4305-881D-3FBADCFF233B}.Debug|Any CPU.Build.0 = Debug|Any CPU
		{853D95C8-A7A5-4305-881D-3FBADCFF233B}.Release|Any CPU.ActiveCfg = Release|Any CPU
		{853D95C8-A7A5-4305-881D-3FBADCFF233B}.Release|Any CPU.Build.0 = Release|Any CPU
	EndGlobalSection
	GlobalSection(SolutionProperties) = preSolution
		HideSolutionNode = FALSE
	EndGlobalSection
	GlobalSection(ExtensibilityGlobals) = postSolution
		SolutionGuid = {72A7087B-AC60-4F81-92B9-534FB8C1F875}
	EndGlobalSection
EndGlobal
